
Microsoft Visual Studio Solution File, Format Version 12.00
# Visual Studio 15
VisualStudioVersion = 15.0.28307.1300
MinimumVisualStudioVersion = 10.0.40219.1
Project("{FAE04EC0-301F-11D3-BF4B-00C04F79EFBC}") = "18", "18\18.csproj", "{19505253-5B09-440F-8CFF-309AB435CE8B}"
EndProject
Global
	GlobalSection(SolutionConfigurationPlatforms) = preSolution
		Debug|Any CPU = Debug|Any CPU
		Release|Any CPU = Release|Any CPU
	EndGlobalSection
	GlobalSection(ProjectConfigurationPlatforms) = postSolution
		{19505253-5B09-440F-8CFF-309AB435CE8B}.Debug|Any CPU.ActiveCfg = Debug|Any CPU
		{19505253-5B09-440F-8CFF-309AB435CE8B}.Debug|Any CPU.Build.0 = Debug|Any CPU
		{19505253-5B09-440F-8CFF-309AB435CE8B}.Release|Any CPU.ActiveCfg = Release|Any CPU
		{19505253-5B09-440F-8CFF-309AB435CE8B}.Release|Any CPU.Build.0 = Release|Any CPU
	EndGlobalSection
	GlobalSection(SolutionProperties) = preSolution
		HideSolutionNode = FALSE
	EndGlobalSection
	GlobalSection(ExtensibilityGlobals) = postSolution
		SolutionGuid = {2B3D94A1-5D44-43D5-B4EC-05E82C658642}
	EndGlobalSection
EndGlobal
